// !$*UTF8*$!
{
	archiveVersion = 1;
	classes = {
	};
	objectVersion = 77;
	objects = {

/* Begin PBXContainerItemProxy section */
		908A96A32DCE0501003D11AD /* PBXContainerItemProxy */ = {
			isa = PBXContainerItemProxy;
			containerPortal = 908A968A2DCE04FF003D11AD /* Project object */;
			proxyType = 1;
			remoteGlobalIDString = 908A96912DCE04FF003D11AD;
			remoteInfo = "draggable slider";
		};
		908A96AD2DCE0501003D11AD /* PBXContainerItemProxy */ = {
			isa = PBXContainerItemProxy;
			containerPortal = 908A968A2DCE04FF003D11AD /* Project object */;
			proxyType = 1;
			remoteGlobalIDString = 908A96912DCE04FF003D11AD;
			remoteInfo = "draggable slider";
		};
/* End PBXContainerItemProxy section */

/* Begin PBXFileReference section */
		908A96922DCE04FF003D11AD /* draggable slider.app */ = {isa = PBXFileReference; explicitFileType = wrapper.application; includeInIndex = 0; path = "draggable slider.app"; sourceTree = BUILT_PRODUCTS_DIR; };
		908A96A22DCE0501003D11AD /* draggable sliderTests.xctest */ = {isa = PBXFileReference; explicitFileType = wrapper.cfbundle; includeInIndex = 0; path = "draggable sliderTests.xctest"; sourceTree = BUILT_PRODUCTS_DIR; };
		908A96AC2DCE0501003D11AD /* draggable sliderUITests.xctest */ = {isa = PBXFileReference; explicitFileType = wrapper.cfbundle; includeInIndex = 0; path = "draggable sliderUITests.xctest"; sourceTree = BUILT_PRODUCTS_DIR; };
/* End PBXFileReference section */

/* Begin PBXFileSystemSynchronizedRootGroup section */
		908A96942DCE04FF003D11AD /* draggable slider */ = {
			isa = PBXFileSystemSynchronizedRootGroup;
			path = "draggable slider";
			sourceTree = "<group>";
		};
		908A96A52DCE0501003D11AD /* draggable sliderTests */ = {
			isa = PBXFileSystemSynchronizedRootGroup;
			path = "draggable sliderTests";
			sourceTree = "<group>";
		};
		908A96AF2DCE0501003D11AD /* draggable sliderUITests */ = {
			isa = PBXFileSystemSynchronizedRootGroup;
			path = "draggable sliderUITests";
			sourceTree = "<group>";
		};
/* End PBXFileSystemSynchronizedRootGroup section */

/* Begin PBXFrameworksBuildPhase section */
		908A968F2DCE04FF003D11AD /* Frameworks */ = {
			isa = PBXFrameworksBuildPhase;
			buildActionMask = 2147483647;
			files = (
			);
			runOnlyForDeploymentPostprocessing = 0;
		};
		908A969F2DCE0501003D11AD /* Frameworks */ = {
			isa = PBXFrameworksBuildPhase;
			buildActionMask = 2147483647;
			files = (
			);
			runOnlyForDeploymentPostprocessing = 0;
		};
		908A96A92DCE0501003D11AD /* Frameworks */ = {
			isa = PBXFrameworksBuildPhase;
			buildActionMask = 2147483647;
			files = (
			);
			runOnlyForDeploymentPostprocessing = 0;
		};
/* End PBXFrameworksBuildPhase section */

/* Begin PBXGroup section */
		908A96892DCE04FF003D11AD = {
			isa = PBXGroup;
			children = (
				908A96942DCE04FF003D11AD /* draggable slider */,
				908A96A52DCE0501003D11AD /* draggable sliderTests */,
				908A96AF2DCE0501003D11AD /* draggable sliderUITests */,
				908A96932DCE04FF003D11AD /* Products */,
			);
			sourceTree = "<group>";
		};
		908A96932DCE04FF003D11AD /* Products */ = {
			isa = PBXGroup;
			children = (
				908A96922DCE04FF003D11AD /* draggable slider.app */,
				908A96A22DCE0501003D11AD /* draggable sliderTests.xctest */,
				908A96AC2DCE0501003D11AD /* draggable sliderUITests.xctest */,
			);
			name = Products;
			sourceTree = "<group>";
		};
/* End PBXGroup section */

/* Begin PBXNativeTarget section */
		908A96912DCE04FF003D11AD /* draggable slider */ = {
			isa = PBXNativeTarget;
			buildConfigurationList = 908A96B62DCE0501003D11AD /* Build configuration list for PBXNativeTarget "draggable slider" */;
			buildPhases = (
				908A968E2DCE04FF003D11AD /* Sources */,
				908A968F2DCE04FF003D11AD /* Frameworks */,
				908A96902DCE04FF003D11AD /* Resources */,
			);
			buildRules = (
			);
			dependencies = (
			);
			fileSystemSynchronizedGroups = (
				908A96942DCE04FF003D11AD /* draggable slider */,
			);
			name = "draggable slider";
			packageProductDependencies = (
			);
			productName = "draggable slider";
			productReference = 908A96922DCE04FF003D11AD /* draggable slider.app */;
			productType = "com.apple.product-type.application";
		};
		908A96A12DCE0501003D11AD /* draggable sliderTests */ = {
			isa = PBXNativeTarget;
			buildConfigurationList = 908A96B92DCE0501003D11AD /* Build configuration list for PBXNativeTarget "draggable sliderTests" */;
			buildPhases = (
				908A969E2DCE0501003D11AD /* Sources */,
				908A969F2DCE0501003D11AD /* Frameworks */,
				908A96A02DCE0501003D11AD /* Resources */,
			);
			buildRules = (
			);
			dependencies = (
				908A96A42DCE0501003D11AD /* PBXTargetDependency */,
			);
			fileSystemSynchronizedGroups = (
				908A96A52DCE0501003D11AD /* draggable sliderTests */,
			);
			name = "draggable sliderTests";
			packageProductDependencies = (
			);
			productName = "draggable sliderTests";
			productReference = 908A96A22DCE0501003D11AD /* draggable sliderTests.xctest */;
			productType = "com.apple.product-type.bundle.unit-test";
		};
		908A96AB2DCE0501003D11AD /* draggable sliderUITests */ = {
			isa = PBXNativeTarget;
			buildConfigurationList = 908A96BC2DCE0501003D11AD /* Build configuration list for PBXNativeTarget "draggable sliderUITests" */;
			buildPhases = (
				908A96A82DCE0501003D11AD /* Sources */,
				908A96A92DCE0501003D11AD /* Frameworks */,
				908A96AA2DCE0501003D11AD /* Resources */,
			);
			buildRules = (
			);
			dependencies = (
				908A96AE2DCE0501003D11AD /* PBXTargetDependency */,
			);
			fileSystemSynchronizedGroups = (
				908A96AF2DCE0501003D11AD /* draggable sliderUITests */,
			);
			name = "draggable sliderUITests";
			packageProductDependencies = (
			);
			productName = "draggable sliderUITests";
			productReference = 908A96AC2DCE0501003D11AD /* draggable sliderUITests.xctest */;
			productType = "com.apple.product-type.bundle.ui-testing";
		};
/* End PBXNativeTarget section */

/* Begin PBXProject section */
		908A968A2DCE04FF003D11AD /* Project object */ = {
			isa = PBXProject;
			attributes = {
				BuildIndependentTargetsInParallel = 1;
				LastSwiftUpdateCheck = 1600;
				LastUpgradeCheck = 1600;
				TargetAttributes = {
					908A96912DCE04FF003D11AD = {
						CreatedOnToolsVersion = 16.0;
					};
					908A96A12DCE0501003D11AD = {
						CreatedOnToolsVersion = 16.0;
						TestTargetID = 908A96912DCE04FF003D11AD;
					};
					908A96AB2DCE0501003D11AD = {
						CreatedOnToolsVersion = 16.0;
						TestTargetID = 908A96912DCE04FF003D11AD;
					};
				};
			};
			buildConfigurationList = 908A968D2DCE04FF003D11AD /* Build configuration list for PBXProject "draggable slider" */;
			developmentRegion = en;
			hasScannedForEncodings = 0;
			knownRegions = (
				en,
				Base,
			);
			mainGroup = 908A96892DCE04FF003D11AD;
			minimizedProjectReferenceProxies = 1;
			preferredProjectObjectVersion = 77;
			productRefGroup = 908A96932DCE04FF003D11AD /* Products */;
			projectDirPath = "";
			projectRoot = "";
			targets = (
				908A96912DCE04FF003D11AD /* draggable slider */,
				908A96A12DCE0501003D11AD /* draggable sliderTests */,
				908A96AB2DCE0501003D11AD /* draggable sliderUITests */,
			);
		};
/* End PBXProject section */

/* Begin PBXResourcesBuildPhase section */
		908A96902DCE04FF003D11AD /* Resources */ = {
			isa = PBXResourcesBuildPhase;
			buildActionMask = 2147483647;
			files = (
			);
			runOnlyForDeploymentPostprocessing = 0;
		};
		908A96A02DCE0501003D11AD /* Resources */ = {
			isa = PBXResourcesBuildPhase;
			buildActionMask = 2147483647;
			files = (
			);
			runOnlyForDeploymentPostprocessing = 0;
		};
		908A96AA2DCE0501003D11AD /* Resources */ = {
			isa = PBXResourcesBuildPhase;
			buildActionMask = 2147483647;
			files = (
			);
			runOnlyForDeploymentPostprocessing = 0;
		};
/* End PBXResourcesBuildPhase section */

/* Begin PBXSourcesBuildPhase section */
		908A968E2DCE04FF003D11AD /* Sources */ = {
			isa = PBXSourcesBuildPhase;
			buildActionMask = 2147483647;
			files = (
			);
			runOnlyForDeploymentPostprocessing = 0;
		};
		908A969E2DCE0501003D11AD /* Sources */ = {
			isa = PBXSourcesBuildPhase;
			buildActionMask = 2147483647;
			files = (
			);
			runOnlyForDeploymentPostprocessing = 0;
		};
		908A96A82DCE0501003D11AD /* Sources */ = {
			isa = PBXSourcesBuildPhase;
			buildActionMask = 2147483647;
			files = (
			);
			runOnlyForDeploymentPostprocessing = 0;
		};
/* End PBXSourcesBuildPhase section */

/* Begin PBXTargetDependency section */
		908A96A42DCE0501003D11AD /* PBXTargetDependency */ = {
			isa = PBXTargetDependency;
			target = 908A96912DCE04FF003D11AD /* draggable slider */;
			targetProxy = 908A96A32DCE0501003D11AD /* PBXContainerItemProxy */;
		};
		908A96AE2DCE0501003D11AD /* PBXTargetDependency */ = {
			isa = PBXTargetDependency;
			target = 908A96912DCE04FF003D11AD /* draggable slider */;
			targetProxy = 908A96AD2DCE0501003D11AD /* PBXContainerItemProxy */;
		};
/* End PBXTargetDependency section */

/* Begin XCBuildConfiguration section */
		908A96B42DCE0501003D11AD /* Debug */ = {
			isa = XCBuildConfiguration;
			buildSettings = {
				ALWAYS_SEARCH_USER_PATHS = NO;
				ASSETCATALOG_COMPILER_GENERATE_SWIFT_ASSET_SYMBOL_EXTENSIONS = YES;
				CLANG_ANALYZER_NONNULL = YES;
				CLANG_ANALYZER_NUMBER_OBJECT_CONVERSION = YES_AGGRESSIVE;
				CLANG_CXX_LANGUAGE_STANDARD = "gnu++20";
				CLANG_ENABLE_MODULES = YES;
				CLANG_ENABLE_OBJC_ARC = YES;
				CLANG_ENABLE_OBJC_WEAK = YES;
				CLANG_WARN_BLOCK_CAPTURE_AUTORELEASING = YES;
				CLANG_WARN_BOOL_CONVERSION = YES;
				CLANG_WARN_COMMA = YES;
				CLANG_WARN_CONSTANT_CONVERSION = YES;
				CLANG_WARN_DEPRECATED_OBJC_IMPLEMENTATIONS = YES;
				CLANG_WARN_DIRECT_OBJC_ISA_USAGE = YES_ERROR;
				CLANG_WARN_DOCUMENTATION_COMMENTS = YES;
				CLANG_WARN_EMPTY_BODY = YES;
				CLANG_WARN_ENUM_CONVERSION = YES;
				CLANG_WARN_INFINITE_RECURSION = YES;
				CLANG_WARN_INT_CONVERSION = YES;
				CLANG_WARN_NON_LITERAL_NULL_CONVERSION = YES;
				CLANG_WARN_OBJC_IMPLICIT_RETAIN_SELF = YES;
				CLANG_WARN_OBJC_LITERAL_CONVERSION = YES;
				CLANG_WARN_OBJC_ROOT_CLASS = YES_ERROR;
				CLANG_WARN_QUOTED_INCLUDE_IN_FRAMEWORK_HEADER = YES;
				CLANG_WARN_RANGE_LOOP_ANALYSIS = YES;
				CLANG_WARN_STRICT_PROTOTYPES = YES;
				CLANG_WARN_SUSPICIOUS_MOVE = YES;
				CLANG_WARN_UNGUARDED_AVAILABILITY = YES_AGGRESSIVE;
				CLANG_WARN_UNREACHABLE_CODE = YES;
				CLANG_WARN__DUPLICATE_METHOD_MATCH = YES;
				COPY_PHASE_STRIP = NO;
				DEBUG_INFORMATION_FORMAT = dwarf;
				ENABLE_STRICT_OBJC_MSGSEND = YES;
				ENABLE_TESTABILITY = YES;
				ENABLE_USER_SCRIPT_SANDBOXING = YES;
				GCC_C_LANGUAGE_STANDARD = gnu17;
				GCC_DYNAMIC_NO_PIC = NO;
				GCC_NO_COMMON_BLOCKS = YES;
				GCC_OPTIMIZATION_LEVEL = 0;
				GCC_PREPROCESSOR_DEFINITIONS = (
					"DEBUG=1",
					"$(inherited)",
				);
				GCC_WARN_64_TO_32_BIT_CONVERSION = YES;
				GCC_WARN_ABOUT_RETURN_TYPE = YES_ERROR;
				GCC_WARN_UNDECLARED_SELECTOR = YES;
				GCC_WARN_UNINITIALIZED_AUTOS = YES_AGGRESSIVE;
				GCC_WARN_UNUSED_FUNCTION = YES;
				GCC_WARN_UNUSED_VARIABLE = YES;
				IPHONEOS_DEPLOYMENT_TARGET = 18.0;
				LOCALIZATION_PREFERS_STRING_CATALOGS = YES;
				MTL_ENABLE_DEBUG_INFO = INCLUDE_SOURCE;
				MTL_FAST_MATH = YES;
				ONLY_ACTIVE_ARCH = YES;
				SDKROOT = iphoneos;
				SWIFT_ACTIVE_COMPILATION_CONDITIONS = "DEBUG $(inherited)";
				SWIFT_OPTIMIZATION_LEVEL = "-Onone";
			};
			name = Debug;
		};
		908A96B52DCE0501003D11AD /* Release */ = {
			isa = XCBuildConfiguration;
			buildSettings = {
				ALWAYS_SEARCH_USER_PATHS = NO;
				ASSETCATALOG_COMPILER_GENERATE_SWIFT_ASSET_SYMBOL_EXTENSIONS = YES;
				CLANG_ANALYZER_NONNULL = YES;
				CLANG_ANALYZER_NUMBER_OBJECT_CONVERSION = YES_AGGRESSIVE;
				CLANG_CXX_LANGUAGE_STANDARD = "gnu++20";
				CLANG_ENABLE_MODULES = YES;
				CLANG_ENABLE_OBJC_ARC = YES;
				CLANG_ENABLE_OBJC_WEAK = YES;
				CLANG_WARN_BLOCK_CAPTURE_AUTORELEASING = YES;
				CLANG_WARN_BOOL_CONVERSION = YES;
				CLANG_WARN_COMMA = YES;
				CLANG_WARN_CONSTANT_CONVERSION = YES;
				CLANG_WARN_DEPRECATED_OBJC_IMPLEMENTATIONS = YES;
				CLANG_WARN_DIRECT_OBJC_ISA_USAGE = YES_ERROR;
				CLANG_WARN_DOCUMENTATION_COMMENTS = YES;
				CLANG_WARN_EMPTY_BODY = YES;
				CLANG_WARN_ENUM_CONVERSION = YES;
				CLANG_WARN_INFINITE_RECURSION = YES;
				CLANG_WARN_INT_CONVERSION = YES;
				CLANG_WARN_NON_LITERAL_NULL_CONVERSION = YES;
				CLANG_WARN_OBJC_IMPLICIT_RETAIN_SELF = YES;
				CLANG_WARN_OBJC_LITERAL_CONVERSION = YES;
				CLANG_WARN_OBJC_ROOT_CLASS = YES_ERROR;
				CLANG_WARN_QUOTED_INCLUDE_IN_FRAMEWORK_HEADER = YES;
				CLANG_WARN_RANGE_LOOP_ANALYSIS = YES;
				CLANG_WARN_STRICT_PROTOTYPES = YES;
				CLANG_WARN_SUSPICIOUS_MOVE = YES;
				CLANG_WARN_UNGUARDED_AVAILABILITY = YES_AGGRESSIVE;
				CLANG_WARN_UNREACHABLE_CODE = YES;
				CLANG_WARN__DUPLICATE_METHOD_MATCH = YES;
				COPY_PHASE_STRIP = NO;
				DEBUG_INFORMATION_FORMAT = "dwarf-with-dsym";
				ENABLE_NS_ASSERTIONS = NO;
				ENABLE_STRICT_OBJC_MSGSEND = YES;
				ENABLE_USER_SCRIPT_SANDBOXING = YES;
				GCC_C_LANGUAGE_STANDARD = gnu17;
				GCC_NO_COMMON_BLOCKS = YES;
				GCC_WARN_64_TO_32_BIT_CONVERSION = YES;
				GCC_WARN_ABOUT_RETURN_TYPE = YES_ERROR;
				GCC_WARN_UNDECLARED_SELECTOR = YES;
				GCC_WARN_UNINITIALIZED_AUTOS = YES_AGGRESSIVE;
				GCC_WARN_UNUSED_FUNCTION = YES;
				GCC_WARN_UNUSED_VARIABLE = YES;
				IPHONEOS_DEPLOYMENT_TARGET = 18.0;
				LOCALIZATION_PREFERS_STRING_CATALOGS = YES;
				MTL_ENABLE_DEBUG_INFO = NO;
				MTL_FAST_MATH = YES;
				SDKROOT = iphoneos;
				SWIFT_COMPILATION_MODE = wholemodule;
				VALIDATE_PRODUCT = YES;
			};
			name = Release;
		};
		908A96B72DCE0501003D11AD /* Debug */ = {
			isa = XCBuildConfiguration;
			buildSettings = {
				ASSETCATALOG_COMPILER_APPICON_NAME = AppIcon;
				ASSETCATALOG_COMPILER_GLOBAL_ACCENT_COLOR_NAME = AccentColor;
				CODE_SIGN_STYLE = Automatic;
				CURRENT_PROJECT_VERSION = 1;
				DEVELOPMENT_ASSET_PATHS = "\"draggable slider/Preview Content\"";
				DEVELOPMENT_TEAM = H37UJVUBTF;
				ENABLE_PREVIEWS = YES;
				GENERATE_INFOPLIST_FILE = YES;
				INFOPLIST_KEY_UIApplicationSceneManifest_Generation = YES;
				INFOPLIST_KEY_UIApplicationSupportsIndirectInputEvents = YES;
				INFOPLIST_KEY_UILaunchScreen_Generation = YES;
				INFOPLIST_KEY_UISupportedInterfaceOrientations_iPad = "UIInterfaceOrientationPortrait UIInterfaceOrientationPortraitUpsideDown UIInterfaceOrientationLandscapeLeft UIInterfaceOrientationLandscapeRight";
				INFOPLIST_KEY_UISupportedInterfaceOrientations_iPhone = "UIInterfaceOrientationPortrait UIInterfaceOrientationLandscapeLeft UIInterfaceOrientationLandscapeRight";
				LD_RUNPATH_SEARCH_PATHS = (
					"$(inherited)",
					"@executable_path/Frameworks",
				);
				MARKETING_VERSION = 1.0;
				PRODUCT_BUNDLE_IDENTIFIER = "com.ricecakesmedia.draggable-slider";
				PRODUCT_NAME = "$(TARGET_NAME)";
				SWIFT_EMIT_LOC_STRINGS = YES;
				SWIFT_VERSION = 5.0;
				TARGETED_DEVICE_FAMILY = "1,2";
			};
			name = Debug;
		};
		908A96B82DCE0501003D11AD /* Release */ = {
			isa = XCBuildConfiguration;
			buildSettings = {
				ASSETCATALOG_COMPILER_APPICON_NAME = AppIcon;
				ASSETCATALOG_COMPILER_GLOBAL_ACCENT_COLOR_NAME = AccentColor;
				CODE_SIGN_STYLE = Automatic;
				CURRENT_PROJECT_VERSION = 1;
				DEVELOPMENT_ASSET_PATHS = "\"draggable slider/Preview Content\"";
				DEVELOPMENT_TEAM = H37UJVUBTF;
				ENABLE_PREVIEWS = YES;
				GENERATE_INFOPLIST_FILE = YES;
				INFOPLIST_KEY_UIApplicationSceneManifest_Generation = YES;
				INFOPLIST_KEY_UIApplicationSupportsIndirectInputEvents = YES;
				INFOPLIST_KEY_UILaunchScreen_Generation = YES;
				INFOPLIST_KEY_UISupportedInterfaceOrientations_iPad = "UIInterfaceOrientationPortrait UIInterfaceOrientationPortraitUpsideDown UIInterfaceOrientationLandscapeLeft UIInterfaceOrientationLandscapeRight";
				INFOPLIST_KEY_UISupportedInterfaceOrientations_iPhone = "UIInterfaceOrientationPortrait UIInterfaceOrientationLandscapeLeft UIInterfaceOrientationLandscapeRight";
				LD_RUNPATH_SEARCH_PATHS = (
					"$(inherited)",
					"@executable_path/Frameworks",
				);
				MARKETING_VERSION = 1.0;
				PRODUCT_BUNDLE_IDENTIFIER = "com.ricecakesmedia.draggable-slider";
				PRODUCT_NAME = "$(TARGET_NAME)";
				SWIFT_EMIT_LOC_STRINGS = YES;
				SWIFT_VERSION = 5.0;
				TARGETED_DEVICE_FAMILY = "1,2";
			};
			name = Release;
		};
		908A96BA2DCE0501003D11AD /* Debug */ = {
			isa = XCBuildConfiguration;
			buildSettings = {
				BUNDLE_LOADER = "$(TEST_HOST)";
				CODE_SIGN_STYLE = Automatic;
				CURRENT_PROJECT_VERSION = 1;
				DEVELOPMENT_TEAM = H37UJVUBTF;
				GENERATE_INFOPLIST_FILE = YES;
				IPHONEOS_DEPLOYMENT_TARGET = 18.0;
				MARKETING_VERSION = 1.0;
				PRODUCT_BUNDLE_IDENTIFIER = "com.ricecakesmedia.draggable-sliderTests";
				PRODUCT_NAME = "$(TARGET_NAME)";
				SWIFT_EMIT_LOC_STRINGS = NO;
				SWIFT_VERSION = 5.0;
				TARGETED_DEVICE_FAMILY = "1,2";
				TEST_HOST = "$(BUILT_PRODUCTS_DIR)/draggable slider.app/$(BUNDLE_EXECUTABLE_FOLDER_PATH)/draggable slider";
			};
			name = Debug;
		};
		908A96BB2DCE0501003D11AD /* Release */ = {
			isa = XCBuildConfiguration;
			buildSettings = {
				BUNDLE_LOADER = "$(TEST_HOST)";
				CODE_SIGN_STYLE = Automatic;
				CURRENT_PROJECT_VERSION = 1;
				DEVELOPMENT_TEAM = H37UJVUBTF;
				GENERATE_INFOPLIST_FILE = YES;
				IPHONEOS_DEPLOYMENT_TARGET = 18.0;
				MARKETING_VERSION = 1.0;
				PRODUCT_BUNDLE_IDENTIFIER = "com.ricecakesmedia.draggable-sliderTests";
				PRODUCT_NAME = "$(TARGET_NAME)";
				SWIFT_EMIT_LOC_STRINGS = NO;
				SWIFT_VERSION = 5.0;
				TARGETED_DEVICE_FAMILY = "1,2";
				TEST_HOST = "$(BUILT_PRODUCTS_DIR)/draggable slider.app/$(BUNDLE_EXECUTABLE_FOLDER_PATH)/draggable slider";
			};
			name = Release;
		};
		908A96BD2DCE0501003D11AD /* Debug */ = {
			isa = XCBuildConfiguration;
			buildSettings = {
				CODE_SIGN_STYLE = Automatic;
				CURRENT_PROJECT_VERSION = 1;
				DEVELOPMENT_TEAM = H37UJVUBTF;
				GENERATE_INFOPLIST_FILE = YES;
				MARKETING_VERSION = 1.0;
				PRODUCT_BUNDLE_IDENTIFIER = "com.ricecakesmedia.draggable-sliderUITests";
				PRODUCT_NAME = "$(TARGET_NAME)";
				SWIFT_EMIT_LOC_STRINGS = NO;
				SWIFT_VERSION = 5.0;
				TARGETED_DEVICE_FAMILY = "1,2";
				TEST_TARGET_NAME = "draggable slider";
			};
			name = Debug;
		};
		908A96BE2DCE0501003D11AD /* Release */ = {
			isa = XCBuildConfiguration;
			buildSettings = {
				CODE_SIGN_STYLE = Automatic;
				CURRENT_PROJECT_VERSION = 1;
				DEVELOPMENT_TEAM = H37UJVUBTF;
				GENERATE_INFOPLIST_FILE = YES;
				MARKETING_VERSION = 1.0;
				PRODUCT_BUNDLE_IDENTIFIER = "com.ricecakesmedia.draggable-sliderUITests";
				PRODUCT_NAME = "$(TARGET_NAME)";
				SWIFT_EMIT_LOC_STRINGS = NO;
				SWIFT_VERSION = 5.0;
				TARGETED_DEVICE_FAMILY = "1,2";
				TEST_TARGET_NAME = "draggable slider";
			};
			name = Release;
		};
/* End XCBuildConfiguration section */

/* Begin XCConfigurationList section */
		908A968D2DCE04FF003D11AD /* Build configuration list for PBXProject "draggable slider" */ = {
			isa = XCConfigurationList;
			buildConfigurations = (
				908A96B42DCE0501003D11AD /* Debug */,
				908A96B52DCE0501003D11AD /* Release */,
			);
			defaultConfigurationIsVisible = 0;
			defaultConfigurationName = Release;
		};
		908A96B62DCE0501003D11AD /* Build configuration list for PBXNativeTarget "draggable slider" */ = {
			isa = XCConfigurationList;
			buildConfigurations = (
				908A96B72DCE0501003D11AD /* Debug */,
				908A96B82DCE0501003D11AD /* Release */,
			);
			defaultConfigurationIsVisible = 0;
			defaultConfigurationName = Release;
		};
		908A96B92DCE0501003D11AD /* Build configuration list for PBXNativeTarget "draggable sliderTests" */ = {
			isa = XCConfigurationList;
			buildConfigurations = (
				908A96BA2DCE0501003D11AD /* Debug */,
				908A96BB2DCE0501003D11AD /* Release */,
			);
			defaultConfigurationIsVisible = 0;
			defaultConfigurationName = Release;
		};
		908A96BC2DCE0501003D11AD /* Build configuration list for PBXNativeTarget "draggable sliderUITests" */ = {
			isa = XCConfigurationList;
			buildConfigurations = (
				908A96BD2DCE0501003D11AD /* Debug */,
				908A96BE2DCE0501003D11AD /* Release */,
			);
			defaultConfigurationIsVisible = 0;
			defaultConfigurationName = Release;
		};
/* End XCConfigurationList section */
	};
	rootObject = 908A968A2DCE04FF003D11AD /* Project object */;
}
