// !$*UTF8*$!
{
	archiveVersion = 1;
	classes = {
	};
	objectVersion = 77;
	objects = {

/* Begin PBXContainerItemProxy section */
		90FDDBAB2F3BF4F400F0BEC2 /* PBXContainerItemProxy */ = {
			isa = PBXContainerItemProxy;
			containerPortal = 90FDDB952F3BF4F300F0BEC2 /* Project object */;
			proxyType = 1;
			remoteGlobalIDString = 90FDDB9C2F3BF4F300F0BEC2;
			remoteInfo = "adaptive text";
		};
		90FDDBB52F3BF4F400F0BEC2 /* PBXContainerItemProxy */ = {
			isa = PBXContainerItemProxy;
			containerPortal = 90FDDB952F3BF4F300F0BEC2 /* Project object */;
			proxyType = 1;
			remoteGlobalIDString = 90FDDB9C2F3BF4F300F0BEC2;
			remoteInfo = "adaptive text";
		};
/* End PBXContainerItemProxy section */

/* Begin PBXFileReference section */
		90FDDB9D2F3BF4F300F0BEC2 /* adaptive text.app */ = {isa = PBXFileReference; explicitFileType = wrapper.application; includeInIndex = 0; path = "adaptive text.app"; sourceTree = BUILT_PRODUCTS_DIR; };
		90FDDBAA2F3BF4F400F0BEC2 /* adaptive textTests.xctest */ = {isa = PBXFileReference; explicitFileType = wrapper.cfbundle; includeInIndex = 0; path = "adaptive textTests.xctest"; sourceTree = BUILT_PRODUCTS_DIR; };
		90FDDBB42F3BF4F400F0BEC2 /* adaptive textUITests.xctest */ = {isa = PBXFileReference; explicitFileType = wrapper.cfbundle; includeInIndex = 0; path = "adaptive textUITests.xctest"; sourceTree = BUILT_PRODUCTS_DIR; };
/* End PBXFileReference section */

/* Begin PBXFileSystemSynchronizedRootGroup section */
		90FDDB9F2F3BF4F300F0BEC2 /* adaptive text */ = {
			isa = PBXFileSystemSynchronizedRootGroup;
			path = "adaptive text";
			sourceTree = "<group>";
		};
		90FDDBAD2F3BF4F400F0BEC2 /* adaptive textTests */ = {
			isa = PBXFileSystemSynchronizedRootGroup;
			path = "adaptive textTests";
			sourceTree = "<group>";
		};
		90FDDBB72F3BF4F400F0BEC2 /* adaptive textUITests */ = {
			isa = PBXFileSystemSynchronizedRootGroup;
			path = "adaptive textUITests";
			sourceTree = "<group>";
		};
/* End PBXFileSystemSynchronizedRootGroup section */

/* Begin PBXFrameworksBuildPhase section */
		90FDDB9A2F3BF4F300F0BEC2 /* Frameworks */ = {
			isa = PBXFrameworksBuildPhase;
			buildActionMask = 2147483647;
			files = (
			);
			runOnlyForDeploymentPostprocessing = 0;
		};
		90FDDBA72F3BF4F400F0BEC2 /* Frameworks */ = {
			isa = PBXFrameworksBuildPhase;
			buildActionMask = 2147483647;
			files = (
			);
			runOnlyForDeploymentPostprocessing = 0;
		};
		90FDDBB12F3BF4F400F0BEC2 /* Frameworks */ = {
			isa = PBXFrameworksBuildPhase;
			buildActionMask = 2147483647;
			files = (
			);
			runOnlyForDeploymentPostprocessing = 0;
		};
/* End PBXFrameworksBuildPhase section */

/* Begin PBXGroup section */
		90FDDB942F3BF4F300F0BEC2 = {
			isa = PBXGroup;
			children = (
				90FDDB9F2F3BF4F300F0BEC2 /* adaptive text */,
				90FDDBAD2F3BF4F400F0BEC2 /* adaptive textTests */,
				90FDDBB72F3BF4F400F0BEC2 /* adaptive textUITests */,
				90FDDB9E2F3BF4F300F0BEC2 /* Products */,
			);
			sourceTree = "<group>";
		};
		90FDDB9E2F3BF4F300F0BEC2 /* Products */ = {
			isa = PBXGroup;
			children = (
				90FDDB9D2F3BF4F300F0BEC2 /* adaptive text.app */,
				90FDDBAA2F3BF4F400F0BEC2 /* adaptive textTests.xctest */,
				90FDDBB42F3BF4F400F0BEC2 /* adaptive textUITests.xctest */,
			);
			name = Products;
			sourceTree = "<group>";
		};
/* End PBXGroup section */

/* Begin PBXNativeTarget section */
		90FDDB9C2F3BF4F300F0BEC2 /* adaptive text */ = {
			isa = PBXNativeTarget;
			buildConfigurationList = 90FDDBBE2F3BF4F400F0BEC2 /* Build configuration list for PBXNativeTarget "adaptive text" */;
			buildPhases = (
				90FDDB992F3BF4F300F0BEC2 /* Sources */,
				90FDDB9A2F3BF4F300F0BEC2 /* Frameworks */,
				90FDDB9B2F3BF4F300F0BEC2 /* Resources */,
			);
			buildRules = (
			);
			dependencies = (
			);
			fileSystemSynchronizedGroups = (
				90FDDB9F2F3BF4F300F0BEC2 /* adaptive text */,
			);
			name = "adaptive text";
			packageProductDependencies = (
			);
			productName = "adaptive text";
			productReference = 90FDDB9D2F3BF4F300F0BEC2 /* adaptive text.app */;
			productType = "com.apple.product-type.application";
		};
		90FDDBA92F3BF4F400F0BEC2 /* adaptive textTests */ = {
			isa = PBXNativeTarget;
			buildConfigurationList = 90FDDBC12F3BF4F400F0BEC2 /* Build configuration list for PBXNativeTarget "adaptive textTests" */;
			buildPhases = (
				90FDDBA62F3BF4F400F0BEC2 /* Sources */,
				90FDDBA72F3BF4F400F0BEC2 /* Frameworks */,
				90FDDBA82F3BF4F400F0BEC2 /* Resources */,
			);
			buildRules = (
			);
			dependencies = (
				90FDDBAC2F3BF4F400F0BEC2 /* PBXTargetDependency */,
			);
			fileSystemSynchronizedGroups = (
				90FDDBAD2F3BF4F400F0BEC2 /* adaptive textTests */,
			);
			name = "adaptive textTests";
			packageProductDependencies = (
			);
			productName = "adaptive textTests";
			productReference = 90FDDBAA2F3BF4F400F0BEC2 /* adaptive textTests.xctest */;
			productType = "com.apple.product-type.bundle.unit-test";
		};
		90FDDBB32F3BF4F400F0BEC2 /* adaptive textUITests */ = {
			isa = PBXNativeTarget;
			buildConfigurationList = 90FDDBC42F3BF4F400F0BEC2 /* Build configuration list for PBXNativeTarget "adaptive textUITests" */;
			buildPhases = (
				90FDDBB02F3BF4F400F0BEC2 /* Sources */,
				90FDDBB12F3BF4F400F0BEC2 /* Frameworks */,
				90FDDBB22F3BF4F400F0BEC2 /* Resources */,
			);
			buildRules = (
			);
			dependencies = (
				90FDDBB62F3BF4F400F0BEC2 /* PBXTargetDependency */,
			);
			fileSystemSynchronizedGroups = (
				90FDDBB72F3BF4F400F0BEC2 /* adaptive textUITests */,
			);
			name = "adaptive textUITests";
			packageProductDependencies = (
			);
			productName = "adaptive textUITests";
			productReference = 90FDDBB42F3BF4F400F0BEC2 /* adaptive textUITests.xctest */;
			productType = "com.apple.product-type.bundle.ui-testing";
		};
/* End PBXNativeTarget section */

/* Begin PBXProject section */
		90FDDB952F3BF4F300F0BEC2 /* Project object */ = {
			isa = PBXProject;
			attributes = {
				BuildIndependentTargetsInParallel = 1;
				LastSwiftUpdateCheck = 2600;
				LastUpgradeCheck = 2600;
				TargetAttributes = {
					90FDDB9C2F3BF4F300F0BEC2 = {
						CreatedOnToolsVersion = 26.0;
					};
					90FDDBA92F3BF4F400F0BEC2 = {
						CreatedOnToolsVersion = 26.0;
						TestTargetID = 90FDDB9C2F3BF4F300F0BEC2;
					};
					90FDDBB32F3BF4F400F0BEC2 = {
						CreatedOnToolsVersion = 26.0;
						TestTargetID = 90FDDB9C2F3BF4F300F0BEC2;
					};
				};
			};
			buildConfigurationList = 90FDDB982F3BF4F300F0BEC2 /* Build configuration list for PBXProject "adaptive text" */;
			developmentRegion = en;
			hasScannedForEncodings = 0;
			knownRegions = (
				en,
				Base,
			);
			mainGroup = 90FDDB942F3BF4F300F0BEC2;
			minimizedProjectReferenceProxies = 1;
			preferredProjectObjectVersion = 77;
			productRefGroup = 90FDDB9E2F3BF4F300F0BEC2 /* Products */;
			projectDirPath = "";
			projectRoot = "";
			targets = (
				90FDDB9C2F3BF4F300F0BEC2 /* adaptive text */,
				90FDDBA92F3BF4F400F0BEC2 /* adaptive textTests */,
				90FDDBB32F3BF4F400F0BEC2 /* adaptive textUITests */,
			);
		};
/* End PBXProject section */

/* Begin PBXResourcesBuildPhase section */
		90FDDB9B2F3BF4F300F0BEC2 /* Resources */ = {
			isa = PBXResourcesBuildPhase;
			buildActionMask = 2147483647;
			files = (
			);
			runOnlyForDeploymentPostprocessing = 0;
		};
		90FDDBA82F3BF4F400F0BEC2 /* Resources */ = {
			isa = PBXResourcesBuildPhase;
			buildActionMask = 2147483647;
			files = (
			);
			runOnlyForDeploymentPostprocessing = 0;
		};
		90FDDBB22F3BF4F400F0BEC2 /* Resources */ = {
			isa = PBXResourcesBuildPhase;
			buildActionMask = 2147483647;
			files = (
			);
			runOnlyForDeploymentPostprocessing = 0;
		};
/* End PBXResourcesBuildPhase section */

/* Begin PBXSourcesBuildPhase section */
		90FDDB992F3BF4F300F0BEC2 /* Sources */ = {
			isa = PBXSourcesBuildPhase;
			buildActionMask = 2147483647;
			files = (
			);
			runOnlyForDeploymentPostprocessing = 0;
		};
		90FDDBA62F3BF4F400F0BEC2 /* Sources */ = {
			isa = PBXSourcesBuildPhase;
			buildActionMask = 2147483647;
			files = (
			);
			runOnlyForDeploymentPostprocessing = 0;
		};
		90FDDBB02F3BF4F400F0BEC2 /* Sources */ = {
			isa = PBXSourcesBuildPhase;
			buildActionMask = 2147483647;
			files = (
			);
			runOnlyForDeploymentPostprocessing = 0;
		};
/* End PBXSourcesBuildPhase section */

/* Begin PBXTargetDependency section */
		90FDDBAC2F3BF4F400F0BEC2 /* PBXTargetDependency */ = {
			isa = PBXTargetDependency;
			target = 90FDDB9C2F3BF4F300F0BEC2 /* adaptive text */;
			targetProxy = 90FDDBAB2F3BF4F400F0BEC2 /* PBXContainerItemProxy */;
		};
		90FDDBB62F3BF4F400F0BEC2 /* PBXTargetDependency */ = {
			isa = PBXTargetDependency;
			target = 90FDDB9C2F3BF4F300F0BEC2 /* adaptive text */;
			targetProxy = 90FDDBB52F3BF4F400F0BEC2 /* PBXContainerItemProxy */;
		};
/* End PBXTargetDependency section */

/* Begin XCBuildConfiguration section */
		90FDDBBC2F3BF4F400F0BEC2 /* Debug */ = {
			isa = XCBuildConfiguration;
			buildSettings = {
				ALWAYS_SEARCH_USER_PATHS = NO;
				ASSETCATALOG_COMPILER_GENERATE_SWIFT_ASSET_SYMBOL_EXTENSIONS = YES;
				CLANG_ANALYZER_NONNULL = YES;
				CLANG_ANALYZER_NUMBER_OBJECT_CONVERSION = YES_AGGRESSIVE;
				CLANG_CXX_LANGUAGE_STANDARD = "gnu++20";
				CLANG_ENABLE_MODULES = YES;
				CLANG_ENABLE_OBJC_ARC = YES;
				CLANG_ENABLE_OBJC_WEAK = YES;
				CLANG_WARN_BLOCK_CAPTURE_AUTORELEASING = YES;
				CLANG_WARN_BOOL_CONVERSION = YES;
				CLANG_WARN_COMMA = YES;
				CLANG_WARN_CONSTANT_CONVERSION = YES;
				CLANG_WARN_DEPRECATED_OBJC_IMPLEMENTATIONS = YES;
				CLANG_WARN_DIRECT_OBJC_ISA_USAGE = YES_ERROR;
				CLANG_WARN_DOCUMENTATION_COMMENTS = YES;
				CLANG_WARN_EMPTY_BODY = YES;
				CLANG_WARN_ENUM_CONVERSION = YES;
				CLANG_WARN_INFINITE_RECURSION = YES;
				CLANG_WARN_INT_CONVERSION = YES;
				CLANG_WARN_NON_LITERAL_NULL_CONVERSION = YES;
				CLANG_WARN_OBJC_IMPLICIT_RETAIN_SELF = YES;
				CLANG_WARN_OBJC_LITERAL_CONVERSION = YES;
				CLANG_WARN_OBJC_ROOT_CLASS = YES_ERROR;
				CLANG_WARN_QUOTED_INCLUDE_IN_FRAMEWORK_HEADER = YES;
				CLANG_WARN_RANGE_LOOP_ANALYSIS = YES;
				CLANG_WARN_STRICT_PROTOTYPES = YES;
				CLANG_WARN_SUSPICIOUS_MOVE = YES;
				CLANG_WARN_UNGUARDED_AVAILABILITY = YES_AGGRESSIVE;
				CLANG_WARN_UNREACHABLE_CODE = YES;
				CLANG_WARN__DUPLICATE_METHOD_MATCH = YES;
				COPY_PHASE_STRIP = NO;
				DEBUG_INFORMATION_FORMAT = dwarf;
				DEVELOPMENT_TEAM = H37UJVUBTF;
				ENABLE_STRICT_OBJC_MSGSEND = YES;
				ENABLE_TESTABILITY = YES;
				ENABLE_USER_SCRIPT_SANDBOXING = YES;
				GCC_C_LANGUAGE_STANDARD = gnu17;
				GCC_DYNAMIC_NO_PIC = NO;
				GCC_NO_COMMON_BLOCKS = YES;
				GCC_OPTIMIZATION_LEVEL = 0;
				GCC_PREPROCESSOR_DEFINITIONS = (
					"DEBUG=1",
					"$(inherited)",
				);
				GCC_WARN_64_TO_32_BIT_CONVERSION = YES;
				GCC_WARN_ABOUT_RETURN_TYPE = YES_ERROR;
				GCC_WARN_UNDECLARED_SELECTOR = YES;
				GCC_WARN_UNINITIALIZED_AUTOS = YES_AGGRESSIVE;
				GCC_WARN_UNUSED_FUNCTION = YES;
				GCC_WARN_UNUSED_VARIABLE = YES;
				IPHONEOS_DEPLOYMENT_TARGET = 26.0;
				LOCALIZATION_PREFERS_STRING_CATALOGS = YES;
				MTL_ENABLE_DEBUG_INFO = INCLUDE_SOURCE;
				MTL_FAST_MATH = YES;
				ONLY_ACTIVE_ARCH = YES;
				SDKROOT = iphoneos;
				SWIFT_ACTIVE_COMPILATION_CONDITIONS = "DEBUG $(inherited)";
				SWIFT_OPTIMIZATION_LEVEL = "-Onone";
			};
			name = Debug;
		};
		90FDDBBD2F3BF4F400F0BEC2 /* Release */ = {
			isa = XCBuildConfiguration;
			buildSettings = {
				ALWAYS_SEARCH_USER_PATHS = NO;
				ASSETCATALOG_COMPILER_GENERATE_SWIFT_ASSET_SYMBOL_EXTENSIONS = YES;
				CLANG_ANALYZER_NONNULL = YES;
				CLANG_ANALYZER_NUMBER_OBJECT_CONVERSION = YES_AGGRESSIVE;
				CLANG_CXX_LANGUAGE_STANDARD = "gnu++20";
				CLANG_ENABLE_MODULES = YES;
				CLANG_ENABLE_OBJC_ARC = YES;
				CLANG_ENABLE_OBJC_WEAK = YES;
				CLANG_WARN_BLOCK_CAPTURE_AUTORELEASING = YES;
				CLANG_WARN_BOOL_CONVERSION = YES;
				CLANG_WARN_COMMA = YES;
				CLANG_WARN_CONSTANT_CONVERSION = YES;
				CLANG_WARN_DEPRECATED_OBJC_IMPLEMENTATIONS = YES;
				CLANG_WARN_DIRECT_OBJC_ISA_USAGE = YES_ERROR;
				CLANG_WARN_DOCUMENTATION_COMMENTS = YES;
				CLANG_WARN_EMPTY_BODY = YES;
				CLANG_WARN_ENUM_CONVERSION = YES;
				CLANG_WARN_INFINITE_RECURSION = YES;
				CLANG_WARN_INT_CONVERSION = YES;
				CLANG_WARN_NON_LITERAL_NULL_CONVERSION = YES;
				CLANG_WARN_OBJC_IMPLICIT_RETAIN_SELF = YES;
				CLANG_WARN_OBJC_LITERAL_CONVERSION = YES;
				CLANG_WARN_OBJC_ROOT_CLASS = YES_ERROR;
				CLANG_WARN_QUOTED_INCLUDE_IN_FRAMEWORK_HEADER = YES;
				CLANG_WARN_RANGE_LOOP_ANALYSIS = YES;
				CLANG_WARN_STRICT_PROTOTYPES = YES;
				CLANG_WARN_SUSPICIOUS_MOVE = YES;
				CLANG_WARN_UNGUARDED_AVAILABILITY = YES_AGGRESSIVE;
				CLANG_WARN_UNREACHABLE_CODE = YES;
				CLANG_WARN__DUPLICATE_METHOD_MATCH = YES;
				COPY_PHASE_STRIP = NO;
				DEBUG_INFORMATION_FORMAT = "dwarf-with-dsym";
				DEVELOPMENT_TEAM = H37UJVUBTF;
				ENABLE_NS_ASSERTIONS = NO;
				ENABLE_STRICT_OBJC_MSGSEND = YES;
				ENABLE_USER_SCRIPT_SANDBOXING = YES;
				GCC_C_LANGUAGE_STANDARD = gnu17;
				GCC_NO_COMMON_BLOCKS = YES;
				GCC_WARN_64_TO_32_BIT_CONVERSION = YES;
				GCC_WARN_ABOUT_RETURN_TYPE = YES_ERROR;
				GCC_WARN_UNDECLARED_SELECTOR = YES;
				GCC_WARN_UNINITIALIZED_AUTOS = YES_AGGRESSIVE;
				GCC_WARN_UNUSED_FUNCTION = YES;
				GCC_WARN_UNUSED_VARIABLE = YES;
				IPHONEOS_DEPLOYMENT_TARGET = 26.0;
				LOCALIZATION_PREFERS_STRING_CATALOGS = YES;
				MTL_ENABLE_DEBUG_INFO = NO;
				MTL_FAST_MATH = YES;
				SDKROOT = iphoneos;
				SWIFT_COMPILATION_MODE = wholemodule;
				VALIDATE_PRODUCT = YES;
			};
			name = Release;
		};
		90FDDBBF2F3BF4F400F0BEC2 /* Debug */ = {
			isa = XCBuildConfiguration;
			buildSettings = {
				ASSETCATALOG_COMPILER_APPICON_NAME = AppIcon;
				ASSETCATALOG_COMPILER_GLOBAL_ACCENT_COLOR_NAME = AccentColor;
				CODE_SIGN_STYLE = Automatic;
				CURRENT_PROJECT_VERSION = 1;
				DEVELOPMENT_TEAM = H37UJVUBTF;
				ENABLE_PREVIEWS = YES;
				GENERATE_INFOPLIST_FILE = YES;
				INFOPLIST_KEY_NSCameraUsageDescription = "This app uses the front camera to detect face distance and adjust text size.";
				INFOPLIST_KEY_UIApplicationSceneManifest_Generation = YES;
				INFOPLIST_KEY_UIApplicationSupportsIndirectInputEvents = YES;
				INFOPLIST_KEY_UILaunchScreen_Generation = YES;
				INFOPLIST_KEY_UISupportedInterfaceOrientations_iPad = "UIInterfaceOrientationPortrait UIInterfaceOrientationPortraitUpsideDown UIInterfaceOrientationLandscapeLeft UIInterfaceOrientationLandscapeRight";
				INFOPLIST_KEY_UISupportedInterfaceOrientations_iPhone = "UIInterfaceOrientationPortrait UIInterfaceOrientationLandscapeLeft UIInterfaceOrientationLandscapeRight";
				LD_RUNPATH_SEARCH_PATHS = (
					"$(inherited)",
					"@executable_path/Frameworks",
				);
				MARKETING_VERSION = 1.0;
				PRODUCT_BUNDLE_IDENTIFIER = "com.ricecakesmedia.adaptive-text";
				PRODUCT_NAME = "$(TARGET_NAME)";
				STRING_CATALOG_GENERATE_SYMBOLS = YES;
				SWIFT_APPROACHABLE_CONCURRENCY = YES;
				SWIFT_DEFAULT_ACTOR_ISOLATION = MainActor;
				SWIFT_EMIT_LOC_STRINGS = YES;
				SWIFT_UPCOMING_FEATURE_MEMBER_IMPORT_VISIBILITY = YES;
				SWIFT_VERSION = 5.0;
				TARGETED_DEVICE_FAMILY = "1,2";
			};
			name = Debug;
		};
		90FDDBC02F3BF4F400F0BEC2 /* Release */ = {
			isa = XCBuildConfiguration;
			buildSettings = {
				ASSETCATALOG_COMPILER_APPICON_NAME = AppIcon;
				ASSETCATALOG_COMPILER_GLOBAL_ACCENT_COLOR_NAME = AccentColor;
				CODE_SIGN_STYLE = Automatic;
				CURRENT_PROJECT_VERSION = 1;
				DEVELOPMENT_TEAM = H37UJVUBTF;
				ENABLE_PREVIEWS = YES;
				GENERATE_INFOPLIST_FILE = YES;
				INFOPLIST_KEY_NSCameraUsageDescription = "This app uses the front camera to detect face distance and adjust text size.";
				INFOPLIST_KEY_UIApplicationSceneManifest_Generation = YES;
				INFOPLIST_KEY_UIApplicationSupportsIndirectInputEvents = YES;
				INFOPLIST_KEY_UILaunchScreen_Generation = YES;
				INFOPLIST_KEY_UISupportedInterfaceOrientations_iPad = "UIInterfaceOrientationPortrait UIInterfaceOrientationPortraitUpsideDown UIInterfaceOrientationLandscapeLeft UIInterfaceOrientationLandscapeRight";
				INFOPLIST_KEY_UISupportedInterfaceOrientations_iPhone = "UIInterfaceOrientationPortrait UIInterfaceOrientationLandscapeLeft UIInterfaceOrientationLandscapeRight";
				LD_RUNPATH_SEARCH_PATHS = (
					"$(inherited)",
					"@executable_path/Frameworks",
				);
				MARKETING_VERSION = 1.0;
				PRODUCT_BUNDLE_IDENTIFIER = "com.ricecakesmedia.adaptive-text";
				PRODUCT_NAME = "$(TARGET_NAME)";
				STRING_CATALOG_GENERATE_SYMBOLS = YES;
				SWIFT_APPROACHABLE_CONCURRENCY = YES;
				SWIFT_DEFAULT_ACTOR_ISOLATION = MainActor;
				SWIFT_EMIT_LOC_STRINGS = YES;
				SWIFT_UPCOMING_FEATURE_MEMBER_IMPORT_VISIBILITY = YES;
				SWIFT_VERSION = 5.0;
				TARGETED_DEVICE_FAMILY = "1,2";
			};
			name = Release;
		};
		90FDDBC22F3BF4F400F0BEC2 /* Debug */ = {
			isa = XCBuildConfiguration;
			buildSettings = {
				BUNDLE_LOADER = "$(TEST_HOST)";
				CODE_SIGN_STYLE = Automatic;
				CURRENT_PROJECT_VERSION = 1;
				DEVELOPMENT_TEAM = H37UJVUBTF;
				GENERATE_INFOPLIST_FILE = YES;
				IPHONEOS_DEPLOYMENT_TARGET = 26.0;
				MARKETING_VERSION = 1.0;
				PRODUCT_BUNDLE_IDENTIFIER = "com.ricecakesmedia.adaptive-textTests";
				PRODUCT_NAME = "$(TARGET_NAME)";
				STRING_CATALOG_GENERATE_SYMBOLS = NO;
				SWIFT_APPROACHABLE_CONCURRENCY = YES;
				SWIFT_EMIT_LOC_STRINGS = NO;
				SWIFT_UPCOMING_FEATURE_MEMBER_IMPORT_VISIBILITY = YES;
				SWIFT_VERSION = 5.0;
				TARGETED_DEVICE_FAMILY = "1,2";
				TEST_HOST = "$(BUILT_PRODUCTS_DIR)/adaptive text.app/$(BUNDLE_EXECUTABLE_FOLDER_PATH)/adaptive text";
			};
			name = Debug;
		};
		90FDDBC32F3BF4F400F0BEC2 /* Release */ = {
			isa = XCBuildConfiguration;
			buildSettings = {
				BUNDLE_LOADER = "$(TEST_HOST)";
				CODE_SIGN_STYLE = Automatic;
				CURRENT_PROJECT_VERSION = 1;
				DEVELOPMENT_TEAM = H37UJVUBTF;
				GENERATE_INFOPLIST_FILE = YES;
				IPHONEOS_DEPLOYMENT_TARGET = 26.0;
				MARKETING_VERSION = 1.0;
				PRODUCT_BUNDLE_IDENTIFIER = "com.ricecakesmedia.adaptive-textTests";
				PRODUCT_NAME = "$(TARGET_NAME)";
				STRING_CATALOG_GENERATE_SYMBOLS = NO;
				SWIFT_APPROACHABLE_CONCURRENCY = YES;
				SWIFT_EMIT_LOC_STRINGS = NO;
				SWIFT_UPCOMING_FEATURE_MEMBER_IMPORT_VISIBILITY = YES;
				SWIFT_VERSION = 5.0;
				TARGETED_DEVICE_FAMILY = "1,2";
				TEST_HOST = "$(BUILT_PRODUCTS_DIR)/adaptive text.app/$(BUNDLE_EXECUTABLE_FOLDER_PATH)/adaptive text";
			};
			name = Release;
		};
		90FDDBC52F3BF4F400F0BEC2 /* Debug */ = {
			isa = XCBuildConfiguration;
			buildSettings = {
				CODE_SIGN_STYLE = Automatic;
				CURRENT_PROJECT_VERSION = 1;
				DEVELOPMENT_TEAM = H37UJVUBTF;
				GENERATE_INFOPLIST_FILE = YES;
				MARKETING_VERSION = 1.0;
				PRODUCT_BUNDLE_IDENTIFIER = "com.ricecakesmedia.adaptive-textUITests";
				PRODUCT_NAME = "$(TARGET_NAME)";
				STRING_CATALOG_GENERATE_SYMBOLS = NO;
				SWIFT_APPROACHABLE_CONCURRENCY = YES;
				SWIFT_EMIT_LOC_STRINGS = NO;
				SWIFT_UPCOMING_FEATURE_MEMBER_IMPORT_VISIBILITY = YES;
				SWIFT_VERSION = 5.0;
				TARGETED_DEVICE_FAMILY = "1,2";
				TEST_TARGET_NAME = "adaptive text";
			};
			name = Debug;
		};
		90FDDBC62F3BF4F400F0BEC2 /* Release */ = {
			isa = XCBuildConfiguration;
			buildSettings = {
				CODE_SIGN_STYLE = Automatic;
				CURRENT_PROJECT_VERSION = 1;
				DEVELOPMENT_TEAM = H37UJVUBTF;
				GENERATE_INFOPLIST_FILE = YES;
				MARKETING_VERSION = 1.0;
				PRODUCT_BUNDLE_IDENTIFIER = "com.ricecakesmedia.adaptive-textUITests";
				PRODUCT_NAME = "$(TARGET_NAME)";
				STRING_CATALOG_GENERATE_SYMBOLS = NO;
				SWIFT_APPROACHABLE_CONCURRENCY = YES;
				SWIFT_EMIT_LOC_STRINGS = NO;
				SWIFT_UPCOMING_FEATURE_MEMBER_IMPORT_VISIBILITY = YES;
				SWIFT_VERSION = 5.0;
				TARGETED_DEVICE_FAMILY = "1,2";
				TEST_TARGET_NAME = "adaptive text";
			};
			name = Release;
		};
/* End XCBuildConfiguration section */

/* Begin XCConfigurationList section */
		90FDDB982F3BF4F300F0BEC2 /* Build configuration list for PBXProject "adaptive text" */ = {
			isa = XCConfigurationList;
			buildConfigurations = (
				90FDDBBC2F3BF4F400F0BEC2 /* Debug */,
				90FDDBBD2F3BF4F400F0BEC2 /* Release */,
			);
			defaultConfigurationIsVisible = 0;
			defaultConfigurationName = Release;
		};
		90FDDBBE2F3BF4F400F0BEC2 /* Build configuration list for PBXNativeTarget "adaptive text" */ = {
			isa = XCConfigurationList;
			buildConfigurations = (
				90FDDBBF2F3BF4F400F0BEC2 /* Debug */,
				90FDDBC02F3BF4F400F0BEC2 /* Release */,
			);
			defaultConfigurationIsVisible = 0;
			defaultConfigurationName = Release;
		};
		90FDDBC12F3BF4F400F0BEC2 /* Build configuration list for PBXNativeTarget "adaptive textTests" */ = {
			isa = XCConfigurationList;
			buildConfigurations = (
				90FDDBC22F3BF4F400F0BEC2 /* Debug */,
				90FDDBC32F3BF4F400F0BEC2 /* Release */,
			);
			defaultConfigurationIsVisible = 0;
			defaultConfigurationName = Release;
		};
		90FDDBC42F3BF4F400F0BEC2 /* Build configuration list for PBXNativeTarget "adaptive textUITests" */ = {
			isa = XCConfigurationList;
			buildConfigurations = (
				90FDDBC52F3BF4F400F0BEC2 /* Debug */,
				90FDDBC62F3BF4F400F0BEC2 /* Release */,
			);
			defaultConfigurationIsVisible = 0;
			defaultConfigurationName = Release;
		};
/* End XCConfigurationList section */
	};
	rootObject = 90FDDB952F3BF4F300F0BEC2 /* Project object */;
}
